// !$*UTF8*$!
{
	archiveVersion = 1;
	classes = {
	};
	objectVersion = 50;
	objects = {

/* Begin PBXBuildFile section */
		04E911FCE10FDF85BAC92D3C /* Pods_Todaily.framework in Frameworks */ = {isa = PBXBuildFile; fileRef = B1AEF724609D855D3EF50086 /* Pods_Todaily.framework */; };
		175E2B6D21591EAC00CEEC6D /* CategoryTableViewController.swift in Sources */ = {isa = PBXBuildFile; fileRef = 175E2B6C21591EAC00CEEC6D /* CategoryTableViewController.swift */; };
		175E2B71215A59BB00CEEC6D /* Item.swift in Sources */ = {isa = PBXBuildFile; fileRef = 175E2B70215A59BB00CEEC6D /* Item.swift */; };
		175E2B73215A59C700CEEC6D /* Category.swift in Sources */ = {isa = PBXBuildFile; fileRef = 175E2B72215A59C700CEEC6D /* Category.swift */; };
		177FF18F214FD9F8008AA07C /* AppDelegate.swift in Sources */ = {isa = PBXBuildFile; fileRef = 177FF18E214FD9F8008AA07C /* AppDelegate.swift */; };
		177FF191214FD9F8008AA07C /* TableViewController.swift in Sources */ = {isa = PBXBuildFile; fileRef = 177FF190214FD9F8008AA07C /* TableViewController.swift */; };
		177FF194214FD9F8008AA07C /* Main.storyboard in Resources */ = {isa = PBXBuildFile; fileRef = 177FF192214FD9F8008AA07C /* Main.storyboard */; };
		177FF196214FD9FA008AA07C /* Assets.xcassets in Resources */ = {isa = PBXBuildFile; fileRef = 177FF195214FD9FA008AA07C /* Assets.xcassets */; };
		177FF199214FD9FA008AA07C /* LaunchScreen.storyboard in Resources */ = {isa = PBXBuildFile; fileRef = 177FF197214FD9FA008AA07C /* LaunchScreen.storyboard */; };
/* End PBXBuildFile section */

/* Begin PBXFileReference section */
		175E2B6C21591EAC00CEEC6D /* CategoryTableViewController.swift */ = {isa = PBXFileReference; lastKnownFileType = sourcecode.swift; path = CategoryTableViewController.swift; sourceTree = "<group>"; };
		175E2B70215A59BB00CEEC6D /* Item.swift */ = {isa = PBXFileReference; lastKnownFileType = sourcecode.swift; path = Item.swift; sourceTree = "<group>"; };
		175E2B72215A59C700CEEC6D /* Category.swift */ = {isa = PBXFileReference; lastKnownFileType = sourcecode.swift; path = Category.swift; sourceTree = "<group>"; };
		177FF18B214FD9F8008AA07C /* Todaily.app */ = {isa = PBXFileReference; explicitFileType = wrapper.application; includeInIndex = 0; path = Todaily.app; sourceTree = BUILT_PRODUCTS_DIR; };
		177FF18E214FD9F8008AA07C /* AppDelegate.swift */ = {isa = PBXFileReference; lastKnownFileType = sourcecode.swift; path = AppDelegate.swift; sourceTree = "<group>"; };
		177FF190214FD9F8008AA07C /* TableViewController.swift */ = {isa = PBXFileReference; lastKnownFileType = sourcecode.swift; path = TableViewController.swift; sourceTree = "<group>"; };
		177FF193214FD9F8008AA07C /* Base */ = {isa = PBXFileReference; lastKnownFileType = file.storyboard; name = Base; path = Base.lproj/Main.storyboard; sourceTree = "<group>"; };
		177FF195214FD9FA008AA07C /* Assets.xcassets */ = {isa = PBXFileReference; lastKnownFileType = folder.assetcatalog; path = Assets.xcassets; sourceTree = "<group>"; };
		177FF198214FD9FA008AA07C /* Base */ = {isa = PBXFileReference; lastKnownFileType = file.storyboard; name = Base; path = Base.lproj/LaunchScreen.storyboard; sourceTree = "<group>"; };
		177FF19A214FD9FA008AA07C /* Info.plist */ = {isa = PBXFileReference; lastKnownFileType = text.plist.xml; path = Info.plist; sourceTree = "<group>"; };
		B1AEF724609D855D3EF50086 /* Pods_Todaily.framework */ = {isa = PBXFileReference; explicitFileType = wrapper.framework; includeInIndex = 0; path = Pods_Todaily.framework; sourceTree = BUILT_PRODUCTS_DIR; };
		B1ED2A037707F66044328545 /* Pods-Todaily.debug.xcconfig */ = {isa = PBXFileReference; includeInIndex = 1; lastKnownFileType = text.xcconfig; name = "Pods-Todaily.debug.xcconfig"; path = "Pods/Target Support Files/Pods-Todaily/Pods-Todaily.debug.xcconfig"; sourceTree = "<group>"; };
		D3AA1A9227E9F77B5CB9760A /* Pods-Todaily.release.xcconfig */ = {isa = PBXFileReference; includeInIndex = 1; lastKnownFileType = text.xcconfig; name = "Pods-Todaily.release.xcconfig"; path = "Pods/Target Support Files/Pods-Todaily/Pods-Todaily.release.xcconfig"; sourceTree = "<group>"; };
/* End PBXFileReference section */

/* Begin PBXFrameworksBuildPhase section */
		177FF188214FD9F8008AA07C /* Frameworks */ = {
			isa = PBXFrameworksBuildPhase;
			buildActionMask = 2147483647;
			files = (
				04E911FCE10FDF85BAC92D3C /* Pods_Todaily.framework in Frameworks */,
			);
			runOnlyForDeploymentPostprocessing = 0;
		};
/* End PBXFrameworksBuildPhase section */

/* Begin PBXGroup section */
		0D936ECC0135184B1CF20B8C /* Pods */ = {
			isa = PBXGroup;
			children = (
				B1ED2A037707F66044328545 /* Pods-Todaily.debug.xcconfig */,
				D3AA1A9227E9F77B5CB9760A /* Pods-Todaily.release.xcconfig */,
			);
			name = Pods;
			sourceTree = "<group>";
		};
		177FF182214FD9F8008AA07C = {
			isa = PBXGroup;
			children = (
				177FF18D214FD9F8008AA07C /* Todaily */,
				177FF18C214FD9F8008AA07C /* Products */,
				0D936ECC0135184B1CF20B8C /* Pods */,
				BAA8FC905E09CD03B0D34A05 /* Frameworks */,
			);
			sourceTree = "<group>";
		};
		177FF18C214FD9F8008AA07C /* Products */ = {
			isa = PBXGroup;
			children = (
				177FF18B214FD9F8008AA07C /* Todaily.app */,
			);
			name = Products;
			sourceTree = "<group>";
		};
		177FF18D214FD9F8008AA07C /* Todaily */ = {
			isa = PBXGroup;
			children = (
				177FF18E214FD9F8008AA07C /* AppDelegate.swift */,
				179BAC7F2151478C0066D146 /* Data Model */,
				179BAC82215147AF0066D146 /* Controllers */,
				179BAC81215147A50066D146 /* Views */,
				179BAC802151479A0066D146 /* Supporting Files */,
				177FF19A214FD9FA008AA07C /* Info.plist */,
			);
			path = Todaily;
			sourceTree = "<group>";
		};
		179BAC7F2151478C0066D146 /* Data Model */ = {
			isa = PBXGroup;
			children = (
				175E2B72215A59C700CEEC6D /* Category.swift */,
				175E2B70215A59BB00CEEC6D /* Item.swift */,
			);
			path = "Data Model";
			sourceTree = "<group>";
		};
		179BAC802151479A0066D146 /* Supporting Files */ = {
			isa = PBXGroup;
			children = (
				177FF195214FD9FA008AA07C /* Assets.xcassets */,
				177FF197214FD9FA008AA07C /* LaunchScreen.storyboard */,
			);
			path = "Supporting Files";
			sourceTree = "<group>";
		};
		179BAC81215147A50066D146 /* Views */ = {
			isa = PBXGroup;
			children = (
				177FF192214FD9F8008AA07C /* Main.storyboard */,
			);
			path = Views;
			sourceTree = "<group>";
		};
		179BAC82215147AF0066D146 /* Controllers */ = {
			isa = PBXGroup;
			children = (
				175E2B6C21591EAC00CEEC6D /* CategoryTableViewController.swift */,
				177FF190214FD9F8008AA07C /* TableViewController.swift */,
			);
			path = Controllers;
			sourceTree = "<group>";
		};
		BAA8FC905E09CD03B0D34A05 /* Frameworks */ = {
			isa = PBXGroup;
			children = (
				B1AEF724609D855D3EF50086 /* Pods_Todaily.framework */,
			);
			name = Frameworks;
			sourceTree = "<group>";
		};
/* End PBXGroup section */

/* Begin PBXNativeTarget section */
		177FF18A214FD9F8008AA07C /* Todaily */ = {
			isa = PBXNativeTarget;
			buildConfigurationList = 177FF19D214FD9FA008AA07C /* Build configuration list for PBXNativeTarget "Todaily" */;
			buildPhases = (
				98B5169180E74A3A55975588 /* [CP] Check Pods Manifest.lock */,
				177FF187214FD9F8008AA07C /* Sources */,
				177FF188214FD9F8008AA07C /* Frameworks */,
				177FF189214FD9F8008AA07C /* Resources */,
				FCFD89EB360CBC5F36BC5246 /* [CP] Embed Pods Frameworks */,
			);
			buildRules = (
			);
			dependencies = (
			);
			name = Todaily;
			productName = Todaily;
			productReference = 177FF18B214FD9F8008AA07C /* Todaily.app */;
			productType = "com.apple.product-type.application";
		};
/* End PBXNativeTarget section */

/* Begin PBXProject section */
		177FF183214FD9F8008AA07C /* Project object */ = {
			isa = PBXProject;
			attributes = {
				LastSwiftUpdateCheck = 0940;
				LastUpgradeCheck = 0940;
				ORGANIZATIONNAME = "Tayyab Ejaz";
				TargetAttributes = {
					177FF18A214FD9F8008AA07C = {
						CreatedOnToolsVersion = 9.4.1;
						LastSwiftMigration = 1000;
					};
				};
			};
			buildConfigurationList = 177FF186214FD9F8008AA07C /* Build configuration list for PBXProject "Todaily" */;
			compatibilityVersion = "Xcode 9.3";
			developmentRegion = en;
			hasScannedForEncodings = 0;
			knownRegions = (
				en,
				Base,
			);
			mainGroup = 177FF182214FD9F8008AA07C;
			productRefGroup = 177FF18C214FD9F8008AA07C /* Products */;
			projectDirPath = "";
			projectRoot = "";
			targets = (
				177FF18A214FD9F8008AA07C /* Todaily */,
			);
		};
/* End PBXProject section */

/* Begin PBXResourcesBuildPhase section */
		177FF189214FD9F8008AA07C /* Resources */ = {
			isa = PBXResourcesBuildPhase;
			buildActionMask = 2147483647;
			files = (
				177FF199214FD9FA008AA07C /* LaunchScreen.storyboard in Resources */,
				177FF196214FD9FA008AA07C /* Assets.xcassets in Resources */,
				177FF194214FD9F8008AA07C /* Main.storyboard in Resources */,
			);
			runOnlyForDeploymentPostprocessing = 0;
		};
/* End PBXResourcesBuildPhase section */

/* Begin PBXShellScriptBuildPhase section */
		98B5169180E74A3A55975588 /* [CP] Check Pods Manifest.lock */ = {
			isa = PBXShellScriptBuildPhase;
			buildActionMask = 2147483647;
			files = (
			);
			inputFileListPaths = (
			);
			inputPaths = (
				"${PODS_PODFILE_DIR_PATH}/Podfile.lock",
				"${PODS_ROOT}/Manifest.lock",
			);
			name = "[CP] Check Pods Manifest.lock";
			outputFileListPaths = (
			);
			outputPaths = (
				"$(DERIVED_FILE_DIR)/Pods-Todaily-checkManifestLockResult.txt",
			);
			runOnlyForDeploymentPostprocessing = 0;
			shellPath = /bin/sh;
			shellScript = "diff \"${PODS_PODFILE_DIR_PATH}/Podfile.lock\" \"${PODS_ROOT}/Manifest.lock\" > /dev/null\nif [ $? != 0 ] ; then\n    # print error to STDERR\n    echo \"error: The sandbox is not in sync with the Podfile.lock. Run 'pod install' or update your CocoaPods installation.\" >&2\n    exit 1\nfi\n# This output is used by Xcode 'outputs' to avoid re-running this script phase.\necho \"SUCCESS\" > \"${SCRIPT_OUTPUT_FILE_0}\"\n";
			showEnvVarsInLog = 0;
		};
		FCFD89EB360CBC5F36BC5246 /* [CP] Embed Pods Frameworks */ = {
			isa = PBXShellScriptBuildPhase;
			buildActionMask = 2147483647;
			files = (
			);
			inputFileListPaths = (
			);
			inputPaths = (
				"${SRCROOT}/Pods/Target Support Files/Pods-Todaily/Pods-Todaily-frameworks.sh",
				"${BUILT_PRODUCTS_DIR}/Realm/Realm.framework",
				"${BUILT_PRODUCTS_DIR}/RealmSwift/RealmSwift.framework",
			);
			name = "[CP] Embed Pods Frameworks";
			outputFileListPaths = (
			);
			outputPaths = (
				"${TARGET_BUILD_DIR}/${FRAMEWORKS_FOLDER_PATH}/Realm.framework",
				"${TARGET_BUILD_DIR}/${FRAMEWORKS_FOLDER_PATH}/RealmSwift.framework",
			);
			runOnlyForDeploymentPostprocessing = 0;
			shellPath = /bin/sh;
			shellScript = "\"${SRCROOT}/Pods/Target Support Files/Pods-Todaily/Pods-Todaily-frameworks.sh\"\n";
			showEnvVarsInLog = 0;
		};
/* End PBXShellScriptBuildPhase section */

/* Begin PBXSourcesBuildPhase section */
		177FF187214FD9F8008AA07C /* Sources */ = {
			isa = PBXSourcesBuildPhase;
			buildActionMask = 2147483647;
			files = (
				175E2B71215A59BB00CEEC6D /* Item.swift in Sources */,
				177FF191214FD9F8008AA07C /* TableViewController.swift in Sources */,
				177FF18F214FD9F8008AA07C /* AppDelegate.swift in Sources */,
				175E2B6D21591EAC00CEEC6D /* CategoryTableViewController.swift in Sources */,
				175E2B73215A59C700CEEC6D /* Category.swift in Sources */,
			);
			runOnlyForDeploymentPostprocessing = 0;
		};
/* End PBXSourcesBuildPhase section */

/* Begin PBXVariantGroup section */
		177FF192214FD9F8008AA07C /* Main.storyboard */ = {
			isa = PBXVariantGroup;
			children = (
				177FF193214FD9F8008AA07C /* Base */,
			);
			name = Main.storyboard;
			sourceTree = "<group>";
		};
		177FF197214FD9FA008AA07C /* LaunchScreen.storyboard */ = {
			isa = PBXVariantGroup;
			children = (
				177FF198214FD9FA008AA07C /* Base */,
			);
			name = LaunchScreen.storyboard;
			sourceTree = "<group>";
		};
/* End PBXVariantGroup section */

/* Begin XCBuildConfiguration section */
		177FF19B214FD9FA008AA07C /* Debug */ = {
			isa = XCBuildConfiguration;
			buildSettings = {
				ALWAYS_SEARCH_USER_PATHS = NO;
				CLANG_ANALYZER_NONNULL = YES;
				CLANG_ANALYZER_NUMBER_OBJECT_CONVERSION = YES_AGGRESSIVE;
				CLANG_CXX_LANGUAGE_STANDARD = "gnu++14";
				CLANG_CXX_LIBRARY = "libc++";
				CLANG_ENABLE_MODULES = YES;
				CLANG_ENABLE_OBJC_ARC = YES;
				CLANG_ENABLE_OBJC_WEAK = YES;
				CLANG_WARN_BLOCK_CAPTURE_AUTORELEASING = YES;
				CLANG_WARN_BOOL_CONVERSION = YES;
				CLANG_WARN_COMMA = YES;
				CLANG_WARN_CONSTANT_CONVERSION = YES;
				CLANG_WARN_DEPRECATED_OBJC_IMPLEMENTATIONS = YES;
				CLANG_WARN_DIRECT_OBJC_ISA_USAGE = YES_ERROR;
				CLANG_WARN_DOCUMENTATION_COMMENTS = YES;
				CLANG_WARN_EMPTY_BODY = YES;
				CLANG_WARN_ENUM_CONVERSION = YES;
				CLANG_WARN_INFINITE_RECURSION = YES;
				CLANG_WARN_INT_CONVERSION = YES;
				CLANG_WARN_NON_LITERAL_NULL_CONVERSION = YES;
				CLANG_WARN_OBJC_IMPLICIT_RETAIN_SELF = YES;
				CLANG_WARN_OBJC_LITERAL_CONVERSION = YES;
				CLANG_WARN_OBJC_ROOT_CLASS = YES_ERROR;
				CLANG_WARN_RANGE_LOOP_ANALYSIS = YES;
				CLANG_WARN_STRICT_PROTOTYPES = YES;
				CLANG_WARN_SUSPICIOUS_MOVE = YES;
				CLANG_WARN_UNGUARDED_AVAILABILITY = YES_AGGRESSIVE;
				CLANG_WARN_UNREACHABLE_CODE = YES;
				CLANG_WARN__DUPLICATE_METHOD_MATCH = YES;
				CODE_SIGN_IDENTITY = "iPhone Developer";
				COPY_PHASE_STRIP = NO;
				DEBUG_INFORMATION_FORMAT = dwarf;
				ENABLE_STRICT_OBJC_MSGSEND = YES;
				ENABLE_TESTABILITY = YES;
				GCC_C_LANGUAGE_STANDARD = gnu11;
				GCC_DYNAMIC_NO_PIC = NO;
				GCC_NO_COMMON_BLOCKS = YES;
				GCC_OPTIMIZATION_LEVEL = 0;
				GCC_PREPROCESSOR_DEFINITIONS = (
					"DEBUG=1",
					"$(inherited)",
				);
				GCC_WARN_64_TO_32_BIT_CONVERSION = YES;
				GCC_WARN_ABOUT_RETURN_TYPE = YES_ERROR;
				GCC_WARN_UNDECLARED_SELECTOR = YES;
				GCC_WARN_UNINITIALIZED_AUTOS = YES_AGGRESSIVE;
				GCC_WARN_UNUSED_FUNCTION = YES;
				GCC_WARN_UNUSED_VARIABLE = YES;
				IPHONEOS_DEPLOYMENT_TARGET = 11.4;
				MTL_ENABLE_DEBUG_INFO = YES;
				ONLY_ACTIVE_ARCH = YES;
				SDKROOT = iphoneos;
				SWIFT_ACTIVE_COMPILATION_CONDITIONS = DEBUG;
				SWIFT_OPTIMIZATION_LEVEL = "-Onone";
			};
			name = Debug;
		};
		177FF19C214FD9FA008AA07C /* Release */ = {
			isa = XCBuildConfiguration;
			buildSettings = {
				ALWAYS_SEARCH_USER_PATHS = NO;
				CLANG_ANALYZER_NONNULL = YES;
				CLANG_ANALYZER_NUMBER_OBJECT_CONVERSION = YES_AGGRESSIVE;
				CLANG_CXX_LANGUAGE_STANDARD = "gnu++14";
				CLANG_CXX_LIBRARY = "libc++";
				CLANG_ENABLE_MODULES = YES;
				CLANG_ENABLE_OBJC_ARC = YES;
				CLANG_ENABLE_OBJC_WEAK = YES;
				CLANG_WARN_BLOCK_CAPTURE_AUTORELEASING = YES;
				CLANG_WARN_BOOL_CONVERSION = YES;
				CLANG_WARN_COMMA = YES;
				CLANG_WARN_CONSTANT_CONVERSION = YES;
				CLANG_WARN_DEPRECATED_OBJC_IMPLEMENTATIONS = YES;
				CLANG_WARN_DIRECT_OBJC_ISA_USAGE = YES_ERROR;
				CLANG_WARN_DOCUMENTATION_COMMENTS = YES;
				CLANG_WARN_EMPTY_BODY = YES;
				CLANG_WARN_ENUM_CONVERSION = YES;
				CLANG_WARN_INFINITE_RECURSION = YES;
				CLANG_WARN_INT_CONVERSION = YES;
				CLANG_WARN_NON_LITERAL_NULL_CONVERSION = YES;
				CLANG_WARN_OBJC_IMPLICIT_RETAIN_SELF = YES;
				CLANG_WARN_OBJC_LITERAL_CONVERSION = YES;
				CLANG_WARN_OBJC_ROOT_CLASS = YES_ERROR;
				CLANG_WARN_RANGE_LOOP_ANALYSIS = YES;
				CLANG_WARN_STRICT_PROTOTYPES = YES;
				CLANG_WARN_SUSPICIOUS_MOVE = YES;
				CLANG_WARN_UNGUARDED_AVAILABILITY = YES_AGGRESSIVE;
				CLANG_WARN_UNREACHABLE_CODE = YES;
				CLANG_WARN__DUPLICATE_METHOD_MATCH = YES;
				CODE_SIGN_IDENTITY = "iPhone Developer";
				COPY_PHASE_STRIP = NO;
				DEBUG_INFORMATION_FORMAT = "dwarf-with-dsym";
				ENABLE_NS_ASSERTIONS = NO;
				ENABLE_STRICT_OBJC_MSGSEND = YES;
				GCC_C_LANGUAGE_STANDARD = gnu11;
				GCC_NO_COMMON_BLOCKS = YES;
				GCC_WARN_64_TO_32_BIT_CONVERSION = YES;
				GCC_WARN_ABOUT_RETURN_TYPE = YES_ERROR;
				GCC_WARN_UNDECLARED_SELECTOR = YES;
				GCC_WARN_UNINITIALIZED_AUTOS = YES_AGGRESSIVE;
				GCC_WARN_UNUSED_FUNCTION = YES;
				GCC_WARN_UNUSED_VARIABLE = YES;
				IPHONEOS_DEPLOYMENT_TARGET = 11.4;
				MTL_ENABLE_DEBUG_INFO = NO;
				SDKROOT = iphoneos;
				SWIFT_COMPILATION_MODE = wholemodule;
				SWIFT_OPTIMIZATION_LEVEL = "-O";
				VALIDATE_PRODUCT = YES;
			};
			name = Release;
		};
		177FF19E214FD9FA008AA07C /* Debug */ = {
			isa = XCBuildConfiguration;
			baseConfigurationReference = B1ED2A037707F66044328545 /* Pods-Todaily.debug.xcconfig */;
			buildSettings = {
				ASSETCATALOG_COMPILER_APPICON_NAME = AppIcon;
				CODE_SIGN_STYLE = Automatic;
				DEVELOPMENT_TEAM = 5T3TH86F38;
				INFOPLIST_FILE = Todaily/Info.plist;
				IPHONEOS_DEPLOYMENT_TARGET = 11.4;
				LD_RUNPATH_SEARCH_PATHS = (
					"$(inherited)",
					"@executable_path/Frameworks",
				);
				PRODUCT_BUNDLE_IDENTIFIER = com.tayyabejaz.Todaily;
				PRODUCT_NAME = "$(TARGET_NAME)";
				SWIFT_VERSION = 4.2;
				TARGETED_DEVICE_FAMILY = 1;
			};
			name = Debug;
		};
		177FF19F214FD9FA008AA07C /* Release */ = {
			isa = XCBuildConfiguration;
			baseConfigurationReference = D3AA1A9227E9F77B5CB9760A /* Pods-Todaily.release.xcconfig */;
			buildSettings = {
				ASSETCATALOG_COMPILER_APPICON_NAME = AppIcon;
				CODE_SIGN_STYLE = Automatic;
				DEVELOPMENT_TEAM = 5T3TH86F38;
				INFOPLIST_FILE = Todaily/Info.plist;
				IPHONEOS_DEPLOYMENT_TARGET = 11.4;
				LD_RUNPATH_SEARCH_PATHS = (
					"$(inherited)",
					"@executable_path/Frameworks",
				);
				PRODUCT_BUNDLE_IDENTIFIER = com.tayyabejaz.Todaily;
				PRODUCT_NAME = "$(TARGET_NAME)";
				SWIFT_VERSION = 4.2;
				TARGETED_DEVICE_FAMILY = 1;
			};
			name = Release;
		};
/* End XCBuildConfiguration section */

/* Begin XCConfigurationList section */
		177FF186214FD9F8008AA07C /* Build configuration list for PBXProject "Todaily" */ = {
			isa = XCConfigurationList;
			buildConfigurations = (
				177FF19B214FD9FA008AA07C /* Debug */,
				177FF19C214FD9FA008AA07C /* Release */,
			);
			defaultConfigurationIsVisible = 0;
			defaultConfigurationName = Release;
		};
		177FF19D214FD9FA008AA07C /* Build configuration list for PBXNativeTarget "Todaily" */ = {
			isa = XCConfigurationList;
			buildConfigurations = (
				177FF19E214FD9FA008AA07C /* Debug */,
				177FF19F214FD9FA008AA07C /* Release */,
			);
			defaultConfigurationIsVisible = 0;
			defaultConfigurationName = Release;
		};
/* End XCConfigurationList section */
	};
	rootObject = 177FF183214FD9F8008AA07C /* Project object */;
}
